// !$*UTF8*$!
{
	archiveVersion = 1;
	classes = {
	};
	objectVersion = 77;
	objects = {

/* Begin PBXBuildFile section */
		FECF975B2EB994C500471E15 /* GoogleMobileAds in Frameworks */ = {isa = PBXBuildFile; productRef = FECF975A2EB994C500471E15 /* GoogleMobileAds */; };
/* End PBXBuildFile section */

/* Begin PBXContainerItemProxy section */
		FE3E1B1B2E9890D200BE99F7 /* PBXContainerItemProxy */ = {
			isa = PBXContainerItemProxy;
			containerPortal = FE3E1AF92E9890D000BE99F7 /* Project object */;
			proxyType = 1;
			remoteGlobalIDString = FE3E1B002E9890D000BE99F7;
			remoteInfo = blackHole;
		};
		FE3E1B252E9890D200BE99F7 /* PBXContainerItemProxy */ = {
			isa = PBXContainerItemProxy;
			containerPortal = FE3E1AF92E9890D000BE99F7 /* Project object */;
			proxyType = 1;
			remoteGlobalIDString = FE3E1B002E9890D000BE99F7;
			remoteInfo = blackHole;
		};
/* End PBXContainerItemProxy section */

/* Begin PBXFileReference section */
		FE3E1B012E9890D000BE99F7 /* blackHole.app */ = {isa = PBXFileReference; explicitFileType = wrapper.application; includeInIndex = 0; path = blackHole.app; sourceTree = BUILT_PRODUCTS_DIR; };
		FE3E1B1A2E9890D200BE99F7 /* blackHoleTests.xctest */ = {isa = PBXFileReference; explicitFileType = wrapper.cfbundle; includeInIndex = 0; path = blackHoleTests.xctest; sourceTree = BUILT_PRODUCTS_DIR; };
		FE3E1B242E9890D200BE99F7 /* blackHoleUITests.xctest */ = {isa = PBXFileReference; explicitFileType = wrapper.cfbundle; includeInIndex = 0; path = blackHoleUITests.xctest; sourceTree = BUILT_PRODUCTS_DIR; };
		FE724F3D2EBFEF440009B453 /* Store.storekit */ = {isa = PBXFileReference; lastKnownFileType = text; path = Store.storekit; sourceTree = "<group>"; };
/* End PBXFileReference section */

/* Begin PBXFileSystemSynchronizedBuildFileExceptionSet section */
		FE45B5312EA85F310022F861 /* Exceptions for "blackHole" folder in "blackHole" target */ = {
			isa = PBXFileSystemSynchronizedBuildFileExceptionSet;
			membershipExceptions = (
				Info.plist,
			);
			target = FE3E1B002E9890D000BE99F7 /* blackHole */;
		};
/* End PBXFileSystemSynchronizedBuildFileExceptionSet section */

/* Begin PBXFileSystemSynchronizedRootGroup section */
		FE3E1B032E9890D000BE99F7 /* blackHole */ = {
			isa = PBXFileSystemSynchronizedRootGroup;
			exceptions = (
				FE45B5312EA85F310022F861 /* Exceptions for "blackHole" folder in "blackHole" target */,
			);
			path = blackHole;
			sourceTree = "<group>";
		};
		FE3E1B1D2E9890D200BE99F7 /* blackHoleTests */ = {
			isa = PBXFileSystemSynchronizedRootGroup;
			path = blackHoleTests;
			sourceTree = "<group>";
		};
		FE3E1B272E9890D200BE99F7 /* blackHoleUITests */ = {
			isa = PBXFileSystemSynchronizedRootGroup;
			path = blackHoleUITests;
			sourceTree = "<group>";
		};
/* End PBXFileSystemSynchronizedRootGroup section */

/* Begin PBXFrameworksBuildPhase section */
		FE3E1AFE2E9890D000BE99F7 /* Frameworks */ = {
			isa = PBXFrameworksBuildPhase;
			buildActionMask = 2147483647;
			files = (
				FECF975B2EB994C500471E15 /* GoogleMobileAds in Frameworks */,
			);
			runOnlyForDeploymentPostprocessing = 0;
		};
		FE3E1B172E9890D200BE99F7 /* Frameworks */ = {
			isa = PBXFrameworksBuildPhase;
			buildActionMask = 2147483647;
			files = (
			);
			runOnlyForDeploymentPostprocessing = 0;
		};
		FE3E1B212E9890D200BE99F7 /* Frameworks */ = {
			isa = PBXFrameworksBuildPhase;
			buildActionMask = 2147483647;
			files = (
			);
			runOnlyForDeploymentPostprocessing = 0;
		};
/* End PBXFrameworksBuildPhase section */

/* Begin PBXGroup section */
		FE3E1AF82E9890D000BE99F7 = {
			isa = PBXGroup;
			children = (
				FE724F3D2EBFEF440009B453 /* Store.storekit */,
				FE3E1B032E9890D000BE99F7 /* blackHole */,
				FE3E1B1D2E9890D200BE99F7 /* blackHoleTests */,
				FE3E1B272E9890D200BE99F7 /* blackHoleUITests */,
				FECF97592EB994C500471E15 /* Frameworks */,
				FE3E1B022E9890D000BE99F7 /* Products */,
			);
			sourceTree = "<group>";
		};
		FE3E1B022E9890D000BE99F7 /* Products */ = {
			isa = PBXGroup;
			children = (
				FE3E1B012E9890D000BE99F7 /* blackHole.app */,
				FE3E1B1A2E9890D200BE99F7 /* blackHoleTests.xctest */,
				FE3E1B242E9890D200BE99F7 /* blackHoleUITests.xctest */,
			);
			name = Products;
			sourceTree = "<group>";
		};
		FECF97592EB994C500471E15 /* Frameworks */ = {
			isa = PBXGroup;
			children = (
			);
			name = Frameworks;
			sourceTree = "<group>";
		};
/* End PBXGroup section */

/* Begin PBXNativeTarget section */
		FE3E1B002E9890D000BE99F7 /* blackHole */ = {
			isa = PBXNativeTarget;
			buildConfigurationList = FE3E1B2E2E9890D200BE99F7 /* Build configuration list for PBXNativeTarget "blackHole" */;
			buildPhases = (
				FE3E1AFD2E9890D000BE99F7 /* Sources */,
				FE3E1AFE2E9890D000BE99F7 /* Frameworks */,
				FE3E1AFF2E9890D000BE99F7 /* Resources */,
			);
			buildRules = (
			);
			dependencies = (
			);
			fileSystemSynchronizedGroups = (
				FE3E1B032E9890D000BE99F7 /* blackHole */,
			);
			name = blackHole;
			packageProductDependencies = (
				FECF975A2EB994C500471E15 /* GoogleMobileAds */,
			);
			productName = blackHole;
			productReference = FE3E1B012E9890D000BE99F7 /* blackHole.app */;
			productType = "com.apple.product-type.application";
		};
		FE3E1B192E9890D200BE99F7 /* blackHoleTests */ = {
			isa = PBXNativeTarget;
			buildConfigurationList = FE3E1B312E9890D200BE99F7 /* Build configuration list for PBXNativeTarget "blackHoleTests" */;
			buildPhases = (
				FE3E1B162E9890D200BE99F7 /* Sources */,
				FE3E1B172E9890D200BE99F7 /* Frameworks */,
				FE3E1B182E9890D200BE99F7 /* Resources */,
			);
			buildRules = (
			);
			dependencies = (
				FE3E1B1C2E9890D200BE99F7 /* PBXTargetDependency */,
			);
			fileSystemSynchronizedGroups = (
				FE3E1B1D2E9890D200BE99F7 /* blackHoleTests */,
			);
			name = blackHoleTests;
			packageProductDependencies = (
			);
			productName = blackHoleTests;
			productReference = FE3E1B1A2E9890D200BE99F7 /* blackHoleTests.xctest */;
			productType = "com.apple.product-type.bundle.unit-test";
		};
		FE3E1B232E9890D200BE99F7 /* blackHoleUITests */ = {
			isa = PBXNativeTarget;
			buildConfigurationList = FE3E1B342E9890D200BE99F7 /* Build configuration list for PBXNativeTarget "blackHoleUITests" */;
			buildPhases = (
				FE3E1B202E9890D200BE99F7 /* Sources */,
				FE3E1B212E9890D200BE99F7 /* Frameworks */,
				FE3E1B222E9890D200BE99F7 /* Resources */,
			);
			buildRules = (
			);
			dependencies = (
				FE3E1B262E9890D200BE99F7 /* PBXTargetDependency */,
			);
			fileSystemSynchronizedGroups = (
				FE3E1B272E9890D200BE99F7 /* blackHoleUITests */,
			);
			name = blackHoleUITests;
			packageProductDependencies = (
			);
			productName = blackHoleUITests;
			productReference = FE3E1B242E9890D200BE99F7 /* blackHoleUITests.xctest */;
			productType = "com.apple.product-type.bundle.ui-testing";
		};
/* End PBXNativeTarget section */

/* Begin PBXProject section */
		FE3E1AF92E9890D000BE99F7 /* Project object */ = {
			isa = PBXProject;
			attributes = {
				BuildIndependentTargetsInParallel = 1;
				LastSwiftUpdateCheck = 2600;
				LastUpgradeCheck = 2600;
				TargetAttributes = {
					FE3E1B002E9890D000BE99F7 = {
						CreatedOnToolsVersion = 26.0.1;
					};
					FE3E1B192E9890D200BE99F7 = {
						CreatedOnToolsVersion = 26.0.1;
						TestTargetID = FE3E1B002E9890D000BE99F7;
					};
					FE3E1B232E9890D200BE99F7 = {
						CreatedOnToolsVersion = 26.0.1;
						TestTargetID = FE3E1B002E9890D000BE99F7;
					};
				};
			};
			buildConfigurationList = FE3E1AFC2E9890D000BE99F7 /* Build configuration list for PBXProject "blackHole" */;
			developmentRegion = en;
			hasScannedForEncodings = 0;
			knownRegions = (
				en,
				Base,
			);
			mainGroup = FE3E1AF82E9890D000BE99F7;
			minimizedProjectReferenceProxies = 1;
			packageReferences = (
				FECF97562EB9904300471E15 /* XCRemoteSwiftPackageReference "swift-package-manager-google-mobile-ads" */,
			);
			preferredProjectObjectVersion = 77;
			productRefGroup = FE3E1B022E9890D000BE99F7 /* Products */;
			projectDirPath = "";
			projectRoot = "";
			targets = (
				FE3E1B002E9890D000BE99F7 /* blackHole */,
				FE3E1B192E9890D200BE99F7 /* blackHoleTests */,
				FE3E1B232E9890D200BE99F7 /* blackHoleUITests */,
			);
		};
/* End PBXProject section */

/* Begin PBXResourcesBuildPhase section */
		FE3E1AFF2E9890D000BE99F7 /* Resources */ = {
			isa = PBXResourcesBuildPhase;
			buildActionMask = 2147483647;
			files = (
			);
			runOnlyForDeploymentPostprocessing = 0;
		};
		FE3E1B182E9890D200BE99F7 /* Resources */ = {
			isa = PBXResourcesBuildPhase;
			buildActionMask = 2147483647;
			files = (
			);
			runOnlyForDeploymentPostprocessing = 0;
		};
		FE3E1B222E9890D200BE99F7 /* Resources */ = {
			isa = PBXResourcesBuildPhase;
			buildActionMask = 2147483647;
			files = (
			);
			runOnlyForDeploymentPostprocessing = 0;
		};
/* End PBXResourcesBuildPhase section */

/* Begin PBXSourcesBuildPhase section */
		FE3E1AFD2E9890D000BE99F7 /* Sources */ = {
			isa = PBXSourcesBuildPhase;
			buildActionMask = 2147483647;
			files = (
			);
			runOnlyForDeploymentPostprocessing = 0;
		};
		FE3E1B162E9890D200BE99F7 /* Sources */ = {
			isa = PBXSourcesBuildPhase;
			buildActionMask = 2147483647;
			files = (
			);
			runOnlyForDeploymentPostprocessing = 0;
		};
		FE3E1B202E9890D200BE99F7 /* Sources */ = {
			isa = PBXSourcesBuildPhase;
			buildActionMask = 2147483647;
			files = (
			);
			runOnlyForDeploymentPostprocessing = 0;
		};
/* End PBXSourcesBuildPhase section */

/* Begin PBXTargetDependency section */
		FE3E1B1C2E9890D200BE99F7 /* PBXTargetDependency */ = {
			isa = PBXTargetDependency;
			target = FE3E1B002E9890D000BE99F7 /* blackHole */;
			targetProxy = FE3E1B1B2E9890D200BE99F7 /* PBXContainerItemProxy */;
		};
		FE3E1B262E9890D200BE99F7 /* PBXTargetDependency */ = {
			isa = PBXTargetDependency;
			target = FE3E1B002E9890D000BE99F7 /* blackHole */;
			targetProxy = FE3E1B252E9890D200BE99F7 /* PBXContainerItemProxy */;
		};
/* End PBXTargetDependency section */

/* Begin XCBuildConfiguration section */
		FE3E1B2C2E9890D200BE99F7 /* Debug */ = {
			isa = XCBuildConfiguration;
			buildSettings = {
				ALWAYS_SEARCH_USER_PATHS = NO;
				ASSETCATALOG_COMPILER_GENERATE_SWIFT_ASSET_SYMBOL_EXTENSIONS = YES;
				CLANG_ANALYZER_NONNULL = YES;
				CLANG_ANALYZER_NUMBER_OBJECT_CONVERSION = YES_AGGRESSIVE;
				CLANG_CXX_LANGUAGE_STANDARD = "gnu++20";
				CLANG_ENABLE_MODULES = YES;
				CLANG_ENABLE_OBJC_ARC = YES;
				CLANG_ENABLE_OBJC_WEAK = YES;
				CLANG_WARN_BLOCK_CAPTURE_AUTORELEASING = YES;
				CLANG_WARN_BOOL_CONVERSION = YES;
				CLANG_WARN_COMMA = YES;
				CLANG_WARN_CONSTANT_CONVERSION = YES;
				CLANG_WARN_DEPRECATED_OBJC_IMPLEMENTATIONS = YES;
				CLANG_WARN_DIRECT_OBJC_ISA_USAGE = YES_ERROR;
				CLANG_WARN_DOCUMENTATION_COMMENTS = YES;
				CLANG_WARN_EMPTY_BODY = YES;
				CLANG_WARN_ENUM_CONVERSION = YES;
				CLANG_WARN_INFINITE_RECURSION = YES;
				CLANG_WARN_INT_CONVERSION = YES;
				CLANG_WARN_NON_LITERAL_NULL_CONVERSION = YES;
				CLANG_WARN_OBJC_IMPLICIT_RETAIN_SELF = YES;
				CLANG_WARN_OBJC_LITERAL_CONVERSION = YES;
				CLANG_WARN_OBJC_ROOT_CLASS = YES_ERROR;
				CLANG_WARN_QUOTED_INCLUDE_IN_FRAMEWORK_HEADER = YES;
				CLANG_WARN_RANGE_LOOP_ANALYSIS = YES;
				CLANG_WARN_STRICT_PROTOTYPES = YES;
				CLANG_WARN_SUSPICIOUS_MOVE = YES;
				CLANG_WARN_UNGUARDED_AVAILABILITY = YES_AGGRESSIVE;
				CLANG_WARN_UNREACHABLE_CODE = YES;
				CLANG_WARN__DUPLICATE_METHOD_MATCH = YES;
				COPY_PHASE_STRIP = NO;
				DEBUG_INFORMATION_FORMAT = dwarf;
				DEVELOPMENT_TEAM = 7ZBX9E7JJX;
				ENABLE_STRICT_OBJC_MSGSEND = YES;
				ENABLE_TESTABILITY = YES;
				ENABLE_USER_SCRIPT_SANDBOXING = YES;
				GCC_C_LANGUAGE_STANDARD = gnu17;
				GCC_DYNAMIC_NO_PIC = NO;
				GCC_NO_COMMON_BLOCKS = YES;
				GCC_OPTIMIZATION_LEVEL = 0;
				GCC_PREPROCESSOR_DEFINITIONS = (
					"DEBUG=1",
					"$(inherited)",
				);
				GCC_WARN_64_TO_32_BIT_CONVERSION = YES;
				GCC_WARN_ABOUT_RETURN_TYPE = YES_ERROR;
				GCC_WARN_UNDECLARED_SELECTOR = YES;
				GCC_WARN_UNINITIALIZED_AUTOS = YES_AGGRESSIVE;
				GCC_WARN_UNUSED_FUNCTION = YES;
				GCC_WARN_UNUSED_VARIABLE = YES;
				IPHONEOS_DEPLOYMENT_TARGET = 15.0;
				LOCALIZATION_PREFERS_STRING_CATALOGS = YES;
				MTL_ENABLE_DEBUG_INFO = INCLUDE_SOURCE;
				MTL_FAST_MATH = YES;
				ONLY_ACTIVE_ARCH = YES;
				SDKROOT = iphoneos;
				SWIFT_ACTIVE_COMPILATION_CONDITIONS = "DEBUG $(inherited)";
				SWIFT_OPTIMIZATION_LEVEL = "-Onone";
			};
			name = Debug;
		};
		FE3E1B2D2E9890D200BE99F7 /* Release */ = {
			isa = XCBuildConfiguration;
			buildSettings = {
				ALWAYS_SEARCH_USER_PATHS = NO;
				ASSETCATALOG_COMPILER_GENERATE_SWIFT_ASSET_SYMBOL_EXTENSIONS = YES;
				CLANG_ANALYZER_NONNULL = YES;
				CLANG_ANALYZER_NUMBER_OBJECT_CONVERSION = YES_AGGRESSIVE;
				CLANG_CXX_LANGUAGE_STANDARD = "gnu++20";
				CLANG_ENABLE_MODULES = YES;
				CLANG_ENABLE_OBJC_ARC = YES;
				CLANG_ENABLE_OBJC_WEAK = YES;
				CLANG_WARN_BLOCK_CAPTURE_AUTORELEASING = YES;
				CLANG_WARN_BOOL_CONVERSION = YES;
				CLANG_WARN_COMMA = YES;
				CLANG_WARN_CONSTANT_CONVERSION = YES;
				CLANG_WARN_DEPRECATED_OBJC_IMPLEMENTATIONS = YES;
				CLANG_WARN_DIRECT_OBJC_ISA_USAGE = YES_ERROR;
				CLANG_WARN_DOCUMENTATION_COMMENTS = YES;
				CLANG_WARN_EMPTY_BODY = YES;
				CLANG_WARN_ENUM_CONVERSION = YES;
				CLANG_WARN_INFINITE_RECURSION = YES;
				CLANG_WARN_INT_CONVERSION = YES;
				CLANG_WARN_NON_LITERAL_NULL_CONVERSION = YES;
				CLANG_WARN_OBJC_IMPLICIT_RETAIN_SELF = YES;
				CLANG_WARN_OBJC_LITERAL_CONVERSION = YES;
				CLANG_WARN_OBJC_ROOT_CLASS = YES_ERROR;
				CLANG_WARN_QUOTED_INCLUDE_IN_FRAMEWORK_HEADER = YES;
				CLANG_WARN_RANGE_LOOP_ANALYSIS = YES;
				CLANG_WARN_STRICT_PROTOTYPES = YES;
				CLANG_WARN_SUSPICIOUS_MOVE = YES;
				CLANG_WARN_UNGUARDED_AVAILABILITY = YES_AGGRESSIVE;
				CLANG_WARN_UNREACHABLE_CODE = YES;
				CLANG_WARN__DUPLICATE_METHOD_MATCH = YES;
				COPY_PHASE_STRIP = NO;
				DEBUG_INFORMATION_FORMAT = "dwarf-with-dsym";
				DEVELOPMENT_TEAM = 7ZBX9E7JJX;
				ENABLE_NS_ASSERTIONS = NO;
				ENABLE_STRICT_OBJC_MSGSEND = YES;
				ENABLE_USER_SCRIPT_SANDBOXING = YES;
				GCC_C_LANGUAGE_STANDARD = gnu17;
				GCC_NO_COMMON_BLOCKS = YES;
				GCC_WARN_64_TO_32_BIT_CONVERSION = YES;
				GCC_WARN_ABOUT_RETURN_TYPE = YES_ERROR;
				GCC_WARN_UNDECLARED_SELECTOR = YES;
				GCC_WARN_UNINITIALIZED_AUTOS = YES_AGGRESSIVE;
				GCC_WARN_UNUSED_FUNCTION = YES;
				GCC_WARN_UNUSED_VARIABLE = YES;
				IPHONEOS_DEPLOYMENT_TARGET = 15.0;
				LOCALIZATION_PREFERS_STRING_CATALOGS = YES;
				MTL_ENABLE_DEBUG_INFO = NO;
				MTL_FAST_MATH = YES;
				SDKROOT = iphoneos;
				SWIFT_COMPILATION_MODE = wholemodule;
				VALIDATE_PRODUCT = YES;
			};
			name = Release;
		};
		FE3E1B2F2E9890D200BE99F7 /* Debug */ = {
			isa = XCBuildConfiguration;
			buildSettings = {
				ASSETCATALOG_COMPILER_APPICON_NAME = AppIcon;
				ASSETCATALOG_COMPILER_GLOBAL_ACCENT_COLOR_NAME = AccentColor;
				CODE_SIGN_STYLE = Automatic;
				CURRENT_PROJECT_VERSION = 1;
				DEVELOPMENT_TEAM = 7ZBX9E7JJX;
				GENERATE_INFOPLIST_FILE = YES;
				INFOPLIST_FILE = blackHole/Info.plist;
				INFOPLIST_KEY_CFBundleDisplayName = "Singularity ";
				INFOPLIST_KEY_LSApplicationCategoryType = "public.app-category.arcade-games";
				INFOPLIST_KEY_UIApplicationSupportsIndirectInputEvents = YES;
				INFOPLIST_KEY_UILaunchStoryboardName = LaunchScreen;
				INFOPLIST_KEY_UIMainStoryboardFile = Main;
				INFOPLIST_KEY_UIStatusBarHidden = YES;
				INFOPLIST_KEY_UIStatusBarStyle = UIStatusBarStyleDarkContent;
				INFOPLIST_KEY_UISupportedInterfaceOrientations = UIInterfaceOrientationPortrait;
				IPHONEOS_DEPLOYMENT_TARGET = 15.0;
				LD_RUNPATH_SEARCH_PATHS = (
					"$(inherited)",
					"@executable_path/Frameworks",
				);
				MARKETING_VERSION = 1.0;
				PRODUCT_BUNDLE_IDENTIFIER = dkc.blackHole2025;
				PRODUCT_NAME = "$(TARGET_NAME)";
				STRING_CATALOG_GENERATE_SYMBOLS = YES;
				SWIFT_APPROACHABLE_CONCURRENCY = YES;
				SWIFT_DEFAULT_ACTOR_ISOLATION = MainActor;
				SWIFT_EMIT_LOC_STRINGS = YES;
				SWIFT_UPCOMING_FEATURE_MEMBER_IMPORT_VISIBILITY = YES;
				SWIFT_VERSION = 5.0;
				TARGETED_DEVICE_FAMILY = "1,2";
			};
			name = Debug;
		};
		FE3E1B302E9890D200BE99F7 /* Release */ = {
			isa = XCBuildConfiguration;
			buildSettings = {
				ASSETCATALOG_COMPILER_APPICON_NAME = AppIcon;
				ASSETCATALOG_COMPILER_GLOBAL_ACCENT_COLOR_NAME = AccentColor;
				CODE_SIGN_STYLE = Automatic;
				CURRENT_PROJECT_VERSION = 1;
				DEVELOPMENT_TEAM = 7ZBX9E7JJX;
				GENERATE_INFOPLIST_FILE = YES;
				INFOPLIST_FILE = blackHole/Info.plist;
				INFOPLIST_KEY_CFBundleDisplayName = "Singularity ";
				INFOPLIST_KEY_LSApplicationCategoryType = "public.app-category.arcade-games";
				INFOPLIST_KEY_UIApplicationSupportsIndirectInputEvents = YES;
				INFOPLIST_KEY_UILaunchStoryboardName = LaunchScreen;
				INFOPLIST_KEY_UIMainStoryboardFile = Main;
				INFOPLIST_KEY_UIStatusBarHidden = YES;
				INFOPLIST_KEY_UIStatusBarStyle = UIStatusBarStyleDarkContent;
				INFOPLIST_KEY_UISupportedInterfaceOrientations = UIInterfaceOrientationPortrait;
				IPHONEOS_DEPLOYMENT_TARGET = 15.0;
				LD_RUNPATH_SEARCH_PATHS = (
					"$(inherited)",
					"@executable_path/Frameworks",
				);
				MARKETING_VERSION = 1.0;
				PRODUCT_BUNDLE_IDENTIFIER = dkc.blackHole2025;
				PRODUCT_NAME = "$(TARGET_NAME)";
				STRING_CATALOG_GENERATE_SYMBOLS = YES;
				SWIFT_APPROACHABLE_CONCURRENCY = YES;
				SWIFT_DEFAULT_ACTOR_ISOLATION = MainActor;
				SWIFT_EMIT_LOC_STRINGS = YES;
				SWIFT_UPCOMING_FEATURE_MEMBER_IMPORT_VISIBILITY = YES;
				SWIFT_VERSION = 5.0;
				TARGETED_DEVICE_FAMILY = "1,2";
			};
			name = Release;
		};
		FE3E1B322E9890D200BE99F7 /* Debug */ = {
			isa = XCBuildConfiguration;
			buildSettings = {
				BUNDLE_LOADER = "$(TEST_HOST)";
				CODE_SIGN_STYLE = Automatic;
				CURRENT_PROJECT_VERSION = 1;
				DEVELOPMENT_TEAM = 7ZBX9E7JJX;
				GENERATE_INFOPLIST_FILE = YES;
				IPHONEOS_DEPLOYMENT_TARGET = 15.0;
				MARKETING_VERSION = 1.0;
				PRODUCT_BUNDLE_IDENTIFIER = dkc.blackHoleTests;
				PRODUCT_NAME = "$(TARGET_NAME)";
				STRING_CATALOG_GENERATE_SYMBOLS = NO;
				SWIFT_APPROACHABLE_CONCURRENCY = YES;
				SWIFT_EMIT_LOC_STRINGS = NO;
				SWIFT_UPCOMING_FEATURE_MEMBER_IMPORT_VISIBILITY = YES;
				SWIFT_VERSION = 5.0;
				TARGETED_DEVICE_FAMILY = "1,2";
				TEST_HOST = "$(BUILT_PRODUCTS_DIR)/blackHole.app/$(BUNDLE_EXECUTABLE_FOLDER_PATH)/blackHole";
			};
			name = Debug;
		};
		FE3E1B332E9890D200BE99F7 /* Release */ = {
			isa = XCBuildConfiguration;
			buildSettings = {
				BUNDLE_LOADER = "$(TEST_HOST)";
				CODE_SIGN_STYLE = Automatic;
				CURRENT_PROJECT_VERSION = 1;
				DEVELOPMENT_TEAM = 7ZBX9E7JJX;
				GENERATE_INFOPLIST_FILE = YES;
				IPHONEOS_DEPLOYMENT_TARGET = 15.0;
				MARKETING_VERSION = 1.0;
				PRODUCT_BUNDLE_IDENTIFIER = dkc.blackHoleTests;
				PRODUCT_NAME = "$(TARGET_NAME)";
				STRING_CATALOG_GENERATE_SYMBOLS = NO;
				SWIFT_APPROACHABLE_CONCURRENCY = YES;
				SWIFT_EMIT_LOC_STRINGS = NO;
				SWIFT_UPCOMING_FEATURE_MEMBER_IMPORT_VISIBILITY = YES;
				SWIFT_VERSION = 5.0;
				TARGETED_DEVICE_FAMILY = "1,2";
				TEST_HOST = "$(BUILT_PRODUCTS_DIR)/blackHole.app/$(BUNDLE_EXECUTABLE_FOLDER_PATH)/blackHole";
			};
			name = Release;
		};
		FE3E1B352E9890D200BE99F7 /* Debug */ = {
			isa = XCBuildConfiguration;
			buildSettings = {
				CODE_SIGN_STYLE = Automatic;
				CURRENT_PROJECT_VERSION = 1;
				DEVELOPMENT_TEAM = 7ZBX9E7JJX;
				GENERATE_INFOPLIST_FILE = YES;
				MARKETING_VERSION = 1.0;
				PRODUCT_BUNDLE_IDENTIFIER = dkc.blackHoleUITests;
				PRODUCT_NAME = "$(TARGET_NAME)";
				STRING_CATALOG_GENERATE_SYMBOLS = NO;
				SWIFT_APPROACHABLE_CONCURRENCY = YES;
				SWIFT_EMIT_LOC_STRINGS = NO;
				SWIFT_UPCOMING_FEATURE_MEMBER_IMPORT_VISIBILITY = YES;
				SWIFT_VERSION = 5.0;
				TARGETED_DEVICE_FAMILY = "1,2";
				TEST_TARGET_NAME = blackHole;
			};
			name = Debug;
		};
		FE3E1B362E9890D200BE99F7 /* Release */ = {
			isa = XCBuildConfiguration;
			buildSettings = {
				CODE_SIGN_STYLE = Automatic;
				CURRENT_PROJECT_VERSION = 1;
				DEVELOPMENT_TEAM = 7ZBX9E7JJX;
				GENERATE_INFOPLIST_FILE = YES;
				MARKETING_VERSION = 1.0;
				PRODUCT_BUNDLE_IDENTIFIER = dkc.blackHoleUITests;
				PRODUCT_NAME = "$(TARGET_NAME)";
				STRING_CATALOG_GENERATE_SYMBOLS = NO;
				SWIFT_APPROACHABLE_CONCURRENCY = YES;
				SWIFT_EMIT_LOC_STRINGS = NO;
				SWIFT_UPCOMING_FEATURE_MEMBER_IMPORT_VISIBILITY = YES;
				SWIFT_VERSION = 5.0;
				TARGETED_DEVICE_FAMILY = "1,2";
				TEST_TARGET_NAME = blackHole;
			};
			name = Release;
		};
/* End XCBuildConfiguration section */

/* Begin XCConfigurationList section */
		FE3E1AFC2E9890D000BE99F7 /* Build configuration list for PBXProject "blackHole" */ = {
			isa = XCConfigurationList;
			buildConfigurations = (
				FE3E1B2C2E9890D200BE99F7 /* Debug */,
				FE3E1B2D2E9890D200BE99F7 /* Release */,
			);
			defaultConfigurationIsVisible = 0;
			defaultConfigurationName = Release;
		};
		FE3E1B2E2E9890D200BE99F7 /* Build configuration list for PBXNativeTarget "blackHole" */ = {
			isa = XCConfigurationList;
			buildConfigurations = (
				FE3E1B2F2E9890D200BE99F7 /* Debug */,
				FE3E1B302E9890D200BE99F7 /* Release */,
			);
			defaultConfigurationIsVisible = 0;
			defaultConfigurationName = Release;
		};
		FE3E1B312E9890D200BE99F7 /* Build configuration list for PBXNativeTarget "blackHoleTests" */ = {
			isa = XCConfigurationList;
			buildConfigurations = (
				FE3E1B322E9890D200BE99F7 /* Debug */,
				FE3E1B332E9890D200BE99F7 /* Release */,
			);
			defaultConfigurationIsVisible = 0;
			defaultConfigurationName = Release;
		};
		FE3E1B342E9890D200BE99F7 /* Build configuration list for PBXNativeTarget "blackHoleUITests" */ = {
			isa = XCConfigurationList;
			buildConfigurations = (
				FE3E1B352E9890D200BE99F7 /* Debug */,
				FE3E1B362E9890D200BE99F7 /* Release */,
			);
			defaultConfigurationIsVisible = 0;
			defaultConfigurationName = Release;
		};
/* End XCConfigurationList section */

/* Begin XCRemoteSwiftPackageReference section */
		FECF97562EB9904300471E15 /* XCRemoteSwiftPackageReference "swift-package-manager-google-mobile-ads" */ = {
			isa = XCRemoteSwiftPackageReference;
			repositoryURL = "https://github.com/googleads/swift-package-manager-google-mobile-ads.git";
			requirement = {
				kind = upToNextMajorVersion;
				minimumVersion = 12.12.0;
			};
		};
/* End XCRemoteSwiftPackageReference section */

/* Begin XCSwiftPackageProductDependency section */
		FECF975A2EB994C500471E15 /* GoogleMobileAds */ = {
			isa = XCSwiftPackageProductDependency;
			package = FECF97562EB9904300471E15 /* XCRemoteSwiftPackageReference "swift-package-manager-google-mobile-ads" */;
			productName = GoogleMobileAds;
		};
/* End XCSwiftPackageProductDependency section */
	};
	rootObject = FE3E1AF92E9890D000BE99F7 /* Project object */;
}
